{
    "_readme": [
        "This file locks the dependencies of your project to a known state",
        "Read more about it at http://getcomposer.org/doc/01-basic-usage.md#composer-lock-the-lock-file"
    ],
    "hash": "7204e6ec51ead37132be3715a71b81b9",
    "packages": [
        {
            "name": "composer/installers",
            "version": "dev-master",
            "source": {
                "type": "git",
                "url": "https://github.com/composer/installers.git",
                "reference": "eb9b5b6f59fbaaa6aa7c8fabd2d66e60f376eaa2"
            },
            "dist": {
                "type": "zip",
                "url": "https://api.github.com/repos/composer/installers/zipball/eb9b5b6f59fbaaa6aa7c8fabd2d66e60f376eaa2",
                "reference": "eb9b5b6f59fbaaa6aa7c8fabd2d66e60f376eaa2",
                "shasum": ""
            },
            "replace": {
                "roundcube/plugin-installer": "*",
                "shama/baton": "*"
            },
            "require-dev": {
                "composer/composer": "1.0.*@dev",
                "phpunit/phpunit": "3.7.*"
            },
            "type": "composer-installer",
            "extra": {
                "class": "Composer\\Installers\\Installer",
                "branch-alias": {
                    "dev-master": "1.0-dev"
                }
            },
            "autoload": {
                "psr-0": {
                    "Composer\\Installers\\": "src/"
                }
            },
            "notification-url": "https://packagist.org/downloads/",
            "license": [
                "MIT"
            ],
            "authors": [
                {
                    "name": "Kyle Robinson Young",
                    "email": "kyle@dontkry.com",
                    "homepage": "https://github.com/shama",
                    "role": "Developer"
                }
            ],
            "description": "A multi-framework Composer library installer",
            "homepage": "http://composer.github.com/installers/",
            "keywords": [
                "Craft",
                "Hurad",
                "MODX Evo",
                "OXID",
                "WolfCMS",
                "agl",
                "annotatecms",
                "cakephp",
                "codeigniter",
                "concrete5",
                "croogo",
                "drupal",
                "elgg",
                "fuelphp",
                "installer",
                "joomla",
                "kohana",
                "laravel",
                "lithium",
                "magento",
                "mako",
                "mediawiki",
                "modulework",
                "phpbb",
                "piwik",
                "ppi",
                "roundcube",
                "shopware",
                "silverstripe",
                "symfony",
                "typo3",
                "wordpress",
                "zend",
                "zikula"
            ],
            "time": "2014-05-07 15:43:15"
        },
        {
            "name": "silverstripe-themes/simple",
            "version": "dev-master",
            "source": {
                "type": "git",
                "url": "https://github.com/silverstripe-themes/silverstripe-simple.git",
                "reference": "84c1215f914b8c20f924202a2ace2812f28d6c0a"
            },
            "dist": {
                "type": "zip",
                "url": "https://api.github.com/repos/silverstripe-themes/silverstripe-simple/zipball/84c1215f914b8c20f924202a2ace2812f28d6c0a",
                "reference": "84c1215f914b8c20f924202a2ace2812f28d6c0a",
                "shasum": ""
            },
            "require": {
                "composer/installers": "*",
                "silverstripe/framework": ">=3.0"
            },
            "type": "silverstripe-theme",
            "notification-url": "https://packagist.org/downloads/",
            "license": [
                "BSD-3-Clause"
            ],
            "authors": [
                {
                    "name": "Sara Tušar (Innovaif)",
                    "homepage": "http://www.saratusar.com"
                }
            ],
            "description": "The SilverStripe simple theme (default SilverStripe 3 theme)",
            "keywords": [
                "silverstripe",
                "theme"
            ],
            "time": "2013-10-15 22:16:12"
        },
        {
            "name": "silverstripe/cms",
            "version": "3.1.x-dev",
            "source": {
                "type": "git",
                "url": "https://github.com/silverstripe/silverstripe-cms.git",
                "reference": "3033d454982c5fac5a2089842e767e8866f05737"
            },
            "dist": {
                "type": "zip",
                "url": "https://api.github.com/repos/silverstripe/silverstripe-cms/zipball/3033d454982c5fac5a2089842e767e8866f05737",
                "reference": "3033d454982c5fac5a2089842e767e8866f05737",
                "shasum": ""
            },
            "require": {
                "composer/installers": "*",
                "php": ">=5.3.2",
                "silverstripe/framework": "3.1.*"
            },
            "type": "silverstripe-module",
            "autoload": {
                "classmap": [
                    "tests/behat/"
                ]
            },
            "notification-url": "https://packagist.org/downloads/",
            "license": [
                "BSD-3-Clause"
            ],
            "authors": [
                {
                    "name": "SilverStripe",
                    "homepage": "http://silverstripe.com"
                },
                {
                    "name": "The SilverStripe Community",
                    "homepage": "http://silverstripe.org"
                }
            ],
            "description": "The SilverStripe Content Management System",
            "homepage": "http://silverstripe.org",
            "keywords": [
                "cms",
                "silverstripe"
            ],
            "time": "2014-05-12 23:13:44"
        },
        {
            "name": "silverstripe/framework",
            "version": "3.1.x-dev",
            "source": {
                "type": "git",
                "url": "https://github.com/silverstripe/silverstripe-framework.git",
                "reference": "c3c3145d37ac376fe4b40a7e59d1bcadca96374c"
            },
            "dist": {
                "type": "zip",
                "url": "https://api.github.com/repos/silverstripe/silverstripe-framework/zipball/c3c3145d37ac376fe4b40a7e59d1bcadca96374c",
                "reference": "c3c3145d37ac376fe4b40a7e59d1bcadca96374c",
                "shasum": ""
            },
            "require": {
                "composer/installers": "*",
                "php": ">=5.3.2"
            },
            "require-dev": {
                "phpunit/phpunit": "~3.7@stable"
            },
            "type": "silverstripe-module",
            "autoload": {
                "classmap": [
                    "tests/behat/features/bootstrap"
                ]
            },
            "notification-url": "https://packagist.org/downloads/",
            "license": [
                "BSD-3-Clause"
            ],
            "authors": [
                {
                    "name": "SilverStripe",
                    "homepage": "http://silverstripe.com"
                },
                {
                    "name": "The SilverStripe Community",
                    "homepage": "http://silverstripe.org"
                }
            ],
            "description": "The SilverStripe framework",
            "homepage": "http://silverstripe.org",
            "keywords": [
                "framework",
                "silverstripe"
            ],
            "time": "2014-05-13 04:51:55"
        },
        {
            "name": "silverstripe/multivaluefield",
            "version": "dev-master",
            "source": {
                "type": "git",
                "url": "https://github.com/silverstripe-australia/silverstripe-multivaluefield.git",
                "reference": "c5977306e0ee6de3d5e68cebef6077083850c093"
            },
            "dist": {
                "type": "zip",
                "url": "https://api.github.com/repos/silverstripe-australia/silverstripe-multivaluefield/zipball/c5977306e0ee6de3d5e68cebef6077083850c093",
                "reference": "c5977306e0ee6de3d5e68cebef6077083850c093",
                "shasum": ""
            },
            "require": {
                "silverstripe/framework": ">=3.0.0"
            },
            "type": "silverstripe-module",
            "notification-url": "https://packagist.org/downloads/",
            "license": [
                "BSD-3-Clause"
            ],
            "authors": [
                {
                    "name": "Marcus Nyeholt",
                    "email": "marcus@silverstripe.com.au"
                }
            ],
            "description": "A DB field + form fields for storing multiple values in a single property (serialized).",
            "keywords": [
                "dbfield",
                "formfield",
                "silverstripe"
            ],
            "time": "2014-01-24 01:37:01"
        },
        {
            "name": "silverstripe/restrictedobjects",
            "version": "dev-master",
            "source": {
                "type": "git",
                "url": "https://github.com/nyeholt/silverstripe-restrictedobjects.git",
                "reference": "3e4c8e9a8d6106ba9eafcc685d7694d36ed6e116"
            },
            "dist": {
                "type": "zip",
                "url": "https://api.github.com/repos/nyeholt/silverstripe-restrictedobjects/zipball/3e4c8e9a8d6106ba9eafcc685d7694d36ed6e116",
                "reference": "3e4c8e9a8d6106ba9eafcc685d7694d36ed6e116",
                "shasum": ""
            },
            "require": {
                "silverstripe/cms": ">=3.0.0",
                "silverstripe/multivaluefield": "dev-master"
            },
            "type": "silverstripe-module",
            "notification-url": "https://packagist.org/downloads/",
            "license": [
                "BSD-3-Clause"
            ],
            "authors": [
                {
                    "name": "Marcus Nyeholt",
                    "email": "marcus@silverstirpe.com.au"
                }
            ],
            "description": "Provides more advanced permission management for data objects in SilverStripe.",
            "keywords": [
                "permissions",
                "silverstripe"
            ],
            "time": "2014-02-06 10:42:22"
        },
        {
            "name": "silverstripe/sqlite3",
            "version": "dev-master",
            "source": {
                "type": "git",
                "url": "https://github.com/silverstripe-labs/silverstripe-sqlite3.git",
                "reference": "400920f8def5cd6292b82162017d58e0eca3f22a"
            },
            "dist": {
                "type": "zip",
                "url": "https://api.github.com/repos/silverstripe-labs/silverstripe-sqlite3/zipball/400920f8def5cd6292b82162017d58e0eca3f22a",
                "reference": "400920f8def5cd6292b82162017d58e0eca3f22a",
                "shasum": ""
            },
            "require": {
                "silverstripe/framework": "3.*"
            },
            "type": "silverstripe-module",
            "notification-url": "https://packagist.org/downloads/",
            "authors": [
                {
                    "name": "Ingo Schommer",
                    "email": "ingo@silverstripe.com",
                    "homepage": "http://chillu.com",
                    "role": "tech-lead"
                },
                {
                    "name": "Sean Harvey",
                    "email": "sean@silverstripe.com",
                    "homepage": "http://www.silverstripe.com",
                    "role": "Developer"
                }
            ],
            "description": "Adds SQLite3 support to SilverStripe",
            "keywords": [
                "database",
                "silverstripe",
                "sqlite3"
            ],
            "time": "2014-03-05 21:50:50"
        }
    ],
    "packages-dev": [

    ],
    "aliases": [

    ],
    "minimum-stability": "dev",
    "stability-flags": {
        "silverstripe/sqlite3": 20,
        "silverstripe/restrictedobjects": 20
    },
    "platform": {
        "php": ">=5.3.2"
    },
    "platform-dev": [

    ]
}
